
Microsoft Visual Studio Solution File, Format Version 12.00
# Visual Studio Version 17
VisualStudioVersion = 17.8.34511.84
MinimumVisualStudioVersion = 10.0.40219.1
Project("{FAE04EC0-301F-11D3-BF4B-00C04F79EFBC}") = "UnitTestDemoGithubActions", "UnitTestDemoGithubActions.csproj", "{D5900630-AD9A-496B-8B03-736EAFB6C2EF}"
EndProject
Project("{FAE04EC0-301F-11D3-BF4B-00C04F79EFBC}") = "UnitTests", "..\UnitTests\UnitTests.csproj", "{508CE075-7652-4E80-A6E6-EE6339F86992}"
EndProject
Global
	GlobalSection(SolutionConfigurationPlatforms) = preSolution
		Debug|Any CPU = Debug|Any CPU
		Release|Any CPU = Release|Any CPU
	EndGlobalSection
	GlobalSection(ProjectConfigurationPlatforms) = postSolution
		{D5900630-AD9A-496B-8B03-736EAFB6C2EF}.Debug|Any CPU.ActiveCfg = Debug|Any CPU
		{D5900630-AD9A-496B-8B03-736EAFB6C2EF}.Debug|Any CPU.Build.0 = Debug|Any CPU
		{D5900630-AD9A-496B-8B03-736EAFB6C2EF}.Release|Any CPU.ActiveCfg = Release|Any CPU
		{D5900630-AD9A-496B-8B03-736EAFB6C2EF}.Release|Any CPU.Build.0 = Release|Any CPU
		{508CE075-7652-4E80-A6E6-EE6339F86992}.Debug|Any CPU.ActiveCfg = Debug|Any CPU
		{508CE075-7652-4E80-A6E6-EE6339F86992}.Debug|Any CPU.Build.0 = Debug|Any CPU
		{508CE075-7652-4E80-A6E6-EE6339F86992}.Release|Any CPU.ActiveCfg = Release|Any CPU
		{508CE075-7652-4E80-A6E6-EE6339F86992}.Release|Any CPU.Build.0 = Release|Any CPU
	EndGlobalSection
	GlobalSection(SolutionProperties) = preSolution
		HideSolutionNode = FALSE
	EndGlobalSection
	GlobalSection(ExtensibilityGlobals) = postSolution
		SolutionGuid = {067B9EDE-39BD-4356-9DA2-E6C572E23130}
	EndGlobalSection
EndGlobal
